{
  "nodes": {
    "nixpkgs": {
      "locked": {
        "lastModified": 1787377170,
        "narHash": "sha256-bRvsaYRt7uajyfdyR8ZIbzSmu8/i3dSq3iPkykxp4fk=",
        "owner": "NixOS",
        "repo": "nixpkgs",
        "rev": "8ea33f1ff150211706b3fb3e6a8d3552c266ebe3",
        "type": "github"
      },
      "original": {
        "owner": "NixOS",
        "ref": "master",
        "repo": "nixpkgs",
        "type": "github"
      }
    },
    "root": {
      "inputs": {
        "nixpkgs": "nixpkgs"
      }
    }
  },
  "root": "root",
  "version": 7
}
